{
  "name": "j4cast",
  "version": "1.0.0",
  "lockfileVersion": 1,
  "requires": true,
  "dependencies": {
    "underscore": {
      "version": "1.13.4",
      "resolved": "https://registry.npmjs.org/underscore/-/underscore-1.13.4.tgz",
      "integrity": "sha512-BQFnUDuAQ4Yf/cYY5LNrK9NCJFKriaRbD9uR1fTeXnBeoa97W0i41qkZfGO9pSo8I5KzjAcSY2XYtdf0oKd7KQ=="
    },
    "weatherapi": {
      "version": "0.0.8",
      "resolved": "https://registry.npmjs.org/weatherapi/-/weatherapi-0.0.8.tgz",
      "integrity": "sha512-gElTLJekKU5c4dGwxEM1GUSEx1lkfU/U0BQDm1kxaYYIV4MqZ3U96cT+19psRSTFKNwkWpCd/9ieIXKlTSJV6w==",
      "requires": {
        "underscore": "*"
      }
    }
  }
}
